
Microsoft Visual Studio Solution File, Format Version 12.00
# Visual Studio 14
VisualStudioVersion = 14.0.25420.1
MinimumVisualStudioVersion = 10.0.40219.1
Project("{FAE04EC0-301F-11D3-BF4B-00C04F79EFBC}") = "Joint.Common", "Joint.Common\Joint.Common.csproj", "{51324CFE-DFA7-4255-8B11-BC79C20A28F6}"
EndProject
Project("{FAE04EC0-301F-11D3-BF4B-00C04F79EFBC}") = "Joint.DLLFactory", "Joint.DLLFactory\Joint.DLLFactory.csproj", "{13BF6229-ECB9-4C55-9682-52BB557D159F}"
	ProjectSection(ProjectDependencies) = postProject
		{F8AE191F-95B7-4090-A4DE-584817ACE2F3} = {F8AE191F-95B7-4090-A4DE-584817ACE2F3}
		{93412664-BA00-435D-A9D9-FBD073C65CA4} = {93412664-BA00-435D-A9D9-FBD073C65CA4}
	EndProjectSection
EndProject
Project("{FAE04EC0-301F-11D3-BF4B-00C04F79EFBC}") = "Joint.Entity", "Joint.Entity\Joint.Entity.csproj", "{C6FFDB4E-2BE8-4F3C-AFC1-1EC51B42C7EA}"
EndProject
Project("{FAE04EC0-301F-11D3-BF4B-00C04F79EFBC}") = "Joint.IRepository", "Joint.IRepository\Joint.IRepository.csproj", "{F8AE191F-95B7-4090-A4DE-584817ACE2F3}"
	ProjectSection(ProjectDependencies) = postProject
		{C6FFDB4E-2BE8-4F3C-AFC1-1EC51B42C7EA} = {C6FFDB4E-2BE8-4F3C-AFC1-1EC51B42C7EA}
	EndProjectSection
EndProject
Project("{FAE04EC0-301F-11D3-BF4B-00C04F79EFBC}") = "Joint.IService", "Joint.IService\Joint.IService.csproj", "{711763AE-DB09-4F92-BB82-A24E5D5F8C1D}"
	ProjectSection(ProjectDependencies) = postProject
		{C6FFDB4E-2BE8-4F3C-AFC1-1EC51B42C7EA} = {C6FFDB4E-2BE8-4F3C-AFC1-1EC51B42C7EA}
	EndProjectSection
EndProject
Project("{FAE04EC0-301F-11D3-BF4B-00C04F79EFBC}") = "Joint.Repository", "Joint.Repository\Joint.Repository.csproj", "{93412664-BA00-435D-A9D9-FBD073C65CA4}"
	ProjectSection(ProjectDependencies) = postProject
		{F8AE191F-95B7-4090-A4DE-584817ACE2F3} = {F8AE191F-95B7-4090-A4DE-584817ACE2F3}
		{C6FFDB4E-2BE8-4F3C-AFC1-1EC51B42C7EA} = {C6FFDB4E-2BE8-4F3C-AFC1-1EC51B42C7EA}
	EndProjectSection
EndProject
Project("{FAE04EC0-301F-11D3-BF4B-00C04F79EFBC}") = "Joint.Service", "Joint.Service\Joint.Service.csproj", "{93079BC8-EB66-47B6-9C8D-0BC141F12009}"
	ProjectSection(ProjectDependencies) = postProject
		{F8AE191F-95B7-4090-A4DE-584817ACE2F3} = {F8AE191F-95B7-4090-A4DE-584817ACE2F3}
		{13BF6229-ECB9-4C55-9682-52BB557D159F} = {13BF6229-ECB9-4C55-9682-52BB557D159F}
		{C6FFDB4E-2BE8-4F3C-AFC1-1EC51B42C7EA} = {C6FFDB4E-2BE8-4F3C-AFC1-1EC51B42C7EA}
		{93412664-BA00-435D-A9D9-FBD073C65CA4} = {93412664-BA00-435D-A9D9-FBD073C65CA4}
		{711763AE-DB09-4F92-BB82-A24E5D5F8C1D} = {711763AE-DB09-4F92-BB82-A24E5D5F8C1D}
		{51324CFE-DFA7-4255-8B11-BC79C20A28F6} = {51324CFE-DFA7-4255-8B11-BC79C20A28F6}
	EndProjectSection
EndProject
Project("{FAE04EC0-301F-11D3-BF4B-00C04F79EFBC}") = "Joint.Web.DriftBottle", "Joint.Web\Joint.Web.DriftBottle.csproj", "{CF11D1C8-162F-4A6E-93F0-0D9248A6031A}"
	ProjectSection(ProjectDependencies) = postProject
		{F8AE191F-95B7-4090-A4DE-584817ACE2F3} = {F8AE191F-95B7-4090-A4DE-584817ACE2F3}
		{13BF6229-ECB9-4C55-9682-52BB557D159F} = {13BF6229-ECB9-4C55-9682-52BB557D159F}
		{DFE03930-7A99-4FDA-B342-281EBB2C4E0C} = {DFE03930-7A99-4FDA-B342-281EBB2C4E0C}
		{C6FFDB4E-2BE8-4F3C-AFC1-1EC51B42C7EA} = {C6FFDB4E-2BE8-4F3C-AFC1-1EC51B42C7EA}
		{93412664-BA00-435D-A9D9-FBD073C65CA4} = {93412664-BA00-435D-A9D9-FBD073C65CA4}
		{711763AE-DB09-4F92-BB82-A24E5D5F8C1D} = {711763AE-DB09-4F92-BB82-A24E5D5F8C1D}
		{93079BC8-EB66-47B6-9C8D-0BC141F12009} = {93079BC8-EB66-47B6-9C8D-0BC141F12009}
		{51324CFE-DFA7-4255-8B11-BC79C20A28F6} = {51324CFE-DFA7-4255-8B11-BC79C20A28F6}
	EndProjectSection
EndProject
Project("{FAE04EC0-301F-11D3-BF4B-00C04F79EFBC}") = "Joint.Web.Framework", "Joint.Web.Framework\Joint.Web.Framework.csproj", "{DFE03930-7A99-4FDA-B342-281EBB2C4E0C}"
EndProject
Global
	GlobalSection(SolutionConfigurationPlatforms) = preSolution
		Debug|Any CPU = Debug|Any CPU
		Release|Any CPU = Release|Any CPU
	EndGlobalSection
	GlobalSection(ProjectConfigurationPlatforms) = postSolution
		{51324CFE-DFA7-4255-8B11-BC79C20A28F6}.Debug|Any CPU.ActiveCfg = Debug|Any CPU
		{51324CFE-DFA7-4255-8B11-BC79C20A28F6}.Debug|Any CPU.Build.0 = Debug|Any CPU
		{51324CFE-DFA7-4255-8B11-BC79C20A28F6}.Release|Any CPU.ActiveCfg = Release|Any CPU
		{51324CFE-DFA7-4255-8B11-BC79C20A28F6}.Release|Any CPU.Build.0 = Release|Any CPU
		{13BF6229-ECB9-4C55-9682-52BB557D159F}.Debug|Any CPU.ActiveCfg = Debug|Any CPU
		{13BF6229-ECB9-4C55-9682-52BB557D159F}.Debug|Any CPU.Build.0 = Debug|Any CPU
		{13BF6229-ECB9-4C55-9682-52BB557D159F}.Release|Any CPU.ActiveCfg = Release|Any CPU
		{13BF6229-ECB9-4C55-9682-52BB557D159F}.Release|Any CPU.Build.0 = Release|Any CPU
		{C6FFDB4E-2BE8-4F3C-AFC1-1EC51B42C7EA}.Debug|Any CPU.ActiveCfg = Debug|Any CPU
		{C6FFDB4E-2BE8-4F3C-AFC1-1EC51B42C7EA}.Debug|Any CPU.Build.0 = Debug|Any CPU
		{C6FFDB4E-2BE8-4F3C-AFC1-1EC51B42C7EA}.Release|Any CPU.ActiveCfg = Release|Any CPU
		{C6FFDB4E-2BE8-4F3C-AFC1-1EC51B42C7EA}.Release|Any CPU.Build.0 = Release|Any CPU
		{F8AE191F-95B7-4090-A4DE-584817ACE2F3}.Debug|Any CPU.ActiveCfg = Debug|Any CPU
		{F8AE191F-95B7-4090-A4DE-584817ACE2F3}.Debug|Any CPU.Build.0 = Debug|Any CPU
		{F8AE191F-95B7-4090-A4DE-584817ACE2F3}.Release|Any CPU.ActiveCfg = Release|Any CPU
		{F8AE191F-95B7-4090-A4DE-584817ACE2F3}.Release|Any CPU.Build.0 = Release|Any CPU
		{711763AE-DB09-4F92-BB82-A24E5D5F8C1D}.Debug|Any CPU.ActiveCfg = Debug|Any CPU
		{711763AE-DB09-4F92-BB82-A24E5D5F8C1D}.Debug|Any CPU.Build.0 = Debug|Any CPU
		{711763AE-DB09-4F92-BB82-A24E5D5F8C1D}.Release|Any CPU.ActiveCfg = Release|Any CPU
		{711763AE-DB09-4F92-BB82-A24E5D5F8C1D}.Release|Any CPU.Build.0 = Release|Any CPU
		{93412664-BA00-435D-A9D9-FBD073C65CA4}.Debug|Any CPU.ActiveCfg = Debug|Any CPU
		{93412664-BA00-435D-A9D9-FBD073C65CA4}.Debug|Any CPU.Build.0 = Debug|Any CPU
		{93412664-BA00-435D-A9D9-FBD073C65CA4}.Release|Any CPU.ActiveCfg = Release|Any CPU
		{93412664-BA00-435D-A9D9-FBD073C65CA4}.Release|Any CPU.Build.0 = Release|Any CPU
		{93079BC8-EB66-47B6-9C8D-0BC141F12009}.Debug|Any CPU.ActiveCfg = Debug|Any CPU
		{93079BC8-EB66-47B6-9C8D-0BC141F12009}.Debug|Any CPU.Build.0 = Debug|Any CPU
		{93079BC8-EB66-47B6-9C8D-0BC141F12009}.Release|Any CPU.ActiveCfg = Release|Any CPU
		{93079BC8-EB66-47B6-9C8D-0BC141F12009}.Release|Any CPU.Build.0 = Release|Any CPU
		{CF11D1C8-162F-4A6E-93F0-0D9248A6031A}.Debug|Any CPU.ActiveCfg = Debug|Any CPU
		{CF11D1C8-162F-4A6E-93F0-0D9248A6031A}.Debug|Any CPU.Build.0 = Debug|Any CPU
		{CF11D1C8-162F-4A6E-93F0-0D9248A6031A}.Release|Any CPU.ActiveCfg = Release|Any CPU
		{CF11D1C8-162F-4A6E-93F0-0D9248A6031A}.Release|Any CPU.Build.0 = Release|Any CPU
		{DFE03930-7A99-4FDA-B342-281EBB2C4E0C}.Debug|Any CPU.ActiveCfg = Debug|Any CPU
		{DFE03930-7A99-4FDA-B342-281EBB2C4E0C}.Debug|Any CPU.Build.0 = Debug|Any CPU
		{DFE03930-7A99-4FDA-B342-281EBB2C4E0C}.Release|Any CPU.ActiveCfg = Release|Any CPU
		{DFE03930-7A99-4FDA-B342-281EBB2C4E0C}.Release|Any CPU.Build.0 = Release|Any CPU
	EndGlobalSection
	GlobalSection(SolutionProperties) = preSolution
		HideSolutionNode = FALSE
	EndGlobalSection
EndGlobal
